// !$*UTF8*$!
{
	archiveVersion = 1;
	classes = {
	};
	objectVersion = 48;
	objects = {

/* Begin PBXBuildFile section */
		233CEB591FDADAB5009C9443 /* AppDelegate.swift in Sources */ = {isa = PBXBuildFile; fileRef = 233CEB581FDADAB5009C9443 /* AppDelegate.swift */; };
		233CEB5E1FDADAB5009C9443 /* Main.storyboard in Resources */ = {isa = PBXBuildFile; fileRef = 233CEB5C1FDADAB5009C9443 /* Main.storyboard */; };
		233CEB601FDADAB5009C9443 /* Assets.xcassets in Resources */ = {isa = PBXBuildFile; fileRef = 233CEB5F1FDADAB5009C9443 /* Assets.xcassets */; };
		233CEB631FDADAB5009C9443 /* LaunchScreen.storyboard in Resources */ = {isa = PBXBuildFile; fileRef = 233CEB611FDADAB5009C9443 /* LaunchScreen.storyboard */; };
		233CEB6C1FDADAF6009C9443 /* EmojiArtViewController.swift in Sources */ = {isa = PBXBuildFile; fileRef = 233CEB6B1FDADAF6009C9443 /* EmojiArtViewController.swift */; };
		233CEB6E1FDADB34009C9443 /* EmojiArtView.swift in Sources */ = {isa = PBXBuildFile; fileRef = 233CEB6D1FDADB34009C9443 /* EmojiArtView.swift */; };
		233CEB701FDAE3F5009C9443 /* Utilities.swift in Sources */ = {isa = PBXBuildFile; fileRef = 233CEB6F1FDAE3F5009C9443 /* Utilities.swift */; };
		233CEB721FDBCD62009C9443 /* EmojiArtDocumentTableViewController.swift in Sources */ = {isa = PBXBuildFile; fileRef = 233CEB711FDBCD62009C9443 /* EmojiArtDocumentTableViewController.swift */; };
/* End PBXBuildFile section */

/* Begin PBXFileReference section */
		233CEB551FDADAB5009C9443 /* EmojiArt.app */ = {isa = PBXFileReference; explicitFileType = wrapper.application; includeInIndex = 0; path = EmojiArt.app; sourceTree = BUILT_PRODUCTS_DIR; };
		233CEB581FDADAB5009C9443 /* AppDelegate.swift */ = {isa = PBXFileReference; lastKnownFileType = sourcecode.swift; path = AppDelegate.swift; sourceTree = "<group>"; };
		233CEB5D1FDADAB5009C9443 /* Base */ = {isa = PBXFileReference; lastKnownFileType = file.storyboard; name = Base; path = Base.lproj/Main.storyboard; sourceTree = "<group>"; };
		233CEB5F1FDADAB5009C9443 /* Assets.xcassets */ = {isa = PBXFileReference; lastKnownFileType = folder.assetcatalog; path = Assets.xcassets; sourceTree = "<group>"; };
		233CEB621FDADAB5009C9443 /* Base */ = {isa = PBXFileReference; lastKnownFileType = file.storyboard; name = Base; path = Base.lproj/LaunchScreen.storyboard; sourceTree = "<group>"; };
		233CEB641FDADAB5009C9443 /* Info.plist */ = {isa = PBXFileReference; lastKnownFileType = text.plist.xml; path = Info.plist; sourceTree = "<group>"; };
		233CEB6B1FDADAF6009C9443 /* EmojiArtViewController.swift */ = {isa = PBXFileReference; lastKnownFileType = sourcecode.swift; path = EmojiArtViewController.swift; sourceTree = "<group>"; };
		233CEB6D1FDADB34009C9443 /* EmojiArtView.swift */ = {isa = PBXFileReference; lastKnownFileType = sourcecode.swift; path = EmojiArtView.swift; sourceTree = "<group>"; };
		233CEB6F1FDAE3F5009C9443 /* Utilities.swift */ = {isa = PBXFileReference; fileEncoding = 4; lastKnownFileType = sourcecode.swift; path = Utilities.swift; sourceTree = "<group>"; };
		233CEB711FDBCD62009C9443 /* EmojiArtDocumentTableViewController.swift */ = {isa = PBXFileReference; lastKnownFileType = sourcecode.swift; path = EmojiArtDocumentTableViewController.swift; sourceTree = "<group>"; };
/* End PBXFileReference section */

/* Begin PBXFrameworksBuildPhase section */
		233CEB521FDADAB5009C9443 /* Frameworks */ = {
			isa = PBXFrameworksBuildPhase;
			buildActionMask = 2147483647;
			files = (
			);
			runOnlyForDeploymentPostprocessing = 0;
		};
/* End PBXFrameworksBuildPhase section */

/* Begin PBXGroup section */
		233CEB4C1FDADAB5009C9443 = {
			isa = PBXGroup;
			children = (
				233CEB571FDADAB5009C9443 /* EmojiArt */,
				233CEB561FDADAB5009C9443 /* Products */,
			);
			sourceTree = "<group>";
		};
		233CEB561FDADAB5009C9443 /* Products */ = {
			isa = PBXGroup;
			children = (
				233CEB551FDADAB5009C9443 /* EmojiArt.app */,
			);
			name = Products;
			sourceTree = "<group>";
		};
		233CEB571FDADAB5009C9443 /* EmojiArt */ = {
			isa = PBXGroup;
			children = (
				233CEB5C1FDADAB5009C9443 /* Main.storyboard */,
				233CEB711FDBCD62009C9443 /* EmojiArtDocumentTableViewController.swift */,
				233CEB6B1FDADAF6009C9443 /* EmojiArtViewController.swift */,
				233CEB6D1FDADB34009C9443 /* EmojiArtView.swift */,
				233CEB6F1FDAE3F5009C9443 /* Utilities.swift */,
				233CEB6A1FDADABD009C9443 /* Supporting Files */,
				233CEB641FDADAB5009C9443 /* Info.plist */,
			);
			path = EmojiArt;
			sourceTree = "<group>";
		};
		233CEB6A1FDADABD009C9443 /* Supporting Files */ = {
			isa = PBXGroup;
			children = (
				233CEB581FDADAB5009C9443 /* AppDelegate.swift */,
				233CEB5F1FDADAB5009C9443 /* Assets.xcassets */,
				233CEB611FDADAB5009C9443 /* LaunchScreen.storyboard */,
			);
			path = "Supporting Files";
			sourceTree = "<group>";
		};
/* End PBXGroup section */

/* Begin PBXNativeTarget section */
		233CEB541FDADAB5009C9443 /* EmojiArt */ = {
			isa = PBXNativeTarget;
			buildConfigurationList = 233CEB671FDADAB5009C9443 /* Build configuration list for PBXNativeTarget "EmojiArt" */;
			buildPhases = (
				233CEB511FDADAB5009C9443 /* Sources */,
				233CEB521FDADAB5009C9443 /* Frameworks */,
				233CEB531FDADAB5009C9443 /* Resources */,
			);
			buildRules = (
			);
			dependencies = (
			);
			name = EmojiArt;
			productName = EmojiArt;
			productReference = 233CEB551FDADAB5009C9443 /* EmojiArt.app */;
			productType = "com.apple.product-type.application";
		};
/* End PBXNativeTarget section */

/* Begin PBXProject section */
		233CEB4D1FDADAB5009C9443 /* Project object */ = {
			isa = PBXProject;
			attributes = {
				LastSwiftUpdateCheck = 0920;
				LastUpgradeCheck = 0920;
				ORGANIZATIONNAME = Pala;
				TargetAttributes = {
					233CEB541FDADAB5009C9443 = {
						CreatedOnToolsVersion = 9.2;
						ProvisioningStyle = Automatic;
					};
				};
			};
			buildConfigurationList = 233CEB501FDADAB5009C9443 /* Build configuration list for PBXProject "EmojiArt" */;
			compatibilityVersion = "Xcode 8.0";
			developmentRegion = en;
			hasScannedForEncodings = 0;
			knownRegions = (
				en,
				Base,
			);
			mainGroup = 233CEB4C1FDADAB5009C9443;
			productRefGroup = 233CEB561FDADAB5009C9443 /* Products */;
			projectDirPath = "";
			projectRoot = "";
			targets = (
				233CEB541FDADAB5009C9443 /* EmojiArt */,
			);
		};
/* End PBXProject section */

/* Begin PBXResourcesBuildPhase section */
		233CEB531FDADAB5009C9443 /* Resources */ = {
			isa = PBXResourcesBuildPhase;
			buildActionMask = 2147483647;
			files = (
				233CEB631FDADAB5009C9443 /* LaunchScreen.storyboard in Resources */,
				233CEB601FDADAB5009C9443 /* Assets.xcassets in Resources */,
				233CEB5E1FDADAB5009C9443 /* Main.storyboard in Resources */,
			);
			runOnlyForDeploymentPostprocessing = 0;
		};
/* End PBXResourcesBuildPhase section */

/* Begin PBXSourcesBuildPhase section */
		233CEB511FDADAB5009C9443 /* Sources */ = {
			isa = PBXSourcesBuildPhase;
			buildActionMask = 2147483647;
			files = (
				233CEB591FDADAB5009C9443 /* AppDelegate.swift in Sources */,
				233CEB6C1FDADAF6009C9443 /* EmojiArtViewController.swift in Sources */,
				233CEB701FDAE3F5009C9443 /* Utilities.swift in Sources */,
				233CEB721FDBCD62009C9443 /* EmojiArtDocumentTableViewController.swift in Sources */,
				233CEB6E1FDADB34009C9443 /* EmojiArtView.swift in Sources */,
			);
			runOnlyForDeploymentPostprocessing = 0;
		};
/* End PBXSourcesBuildPhase section */

/* Begin PBXVariantGroup section */
		233CEB5C1FDADAB5009C9443 /* Main.storyboard */ = {
			isa = PBXVariantGroup;
			children = (
				233CEB5D1FDADAB5009C9443 /* Base */,
			);
			name = Main.storyboard;
			sourceTree = "<group>";
		};
		233CEB611FDADAB5009C9443 /* LaunchScreen.storyboard */ = {
			isa = PBXVariantGroup;
			children = (
				233CEB621FDADAB5009C9443 /* Base */,
			);
			name = LaunchScreen.storyboard;
			sourceTree = "<group>";
		};
/* End PBXVariantGroup section */

/* Begin XCBuildConfiguration section */
		233CEB651FDADAB5009C9443 /* Debug */ = {
			isa = XCBuildConfiguration;
			buildSettings = {
				ALWAYS_SEARCH_USER_PATHS = NO;
				CLANG_ANALYZER_NONNULL = YES;
				CLANG_ANALYZER_NUMBER_OBJECT_CONVERSION = YES_AGGRESSIVE;
				CLANG_CXX_LANGUAGE_STANDARD = "gnu++14";
				CLANG_CXX_LIBRARY = "libc++";
				CLANG_ENABLE_MODULES = YES;
				CLANG_ENABLE_OBJC_ARC = YES;
				CLANG_WARN_BLOCK_CAPTURE_AUTORELEASING = YES;
				CLANG_WARN_BOOL_CONVERSION = YES;
				CLANG_WARN_COMMA = YES;
				CLANG_WARN_CONSTANT_CONVERSION = YES;
				CLANG_WARN_DIRECT_OBJC_ISA_USAGE = YES_ERROR;
				CLANG_WARN_DOCUMENTATION_COMMENTS = YES;
				CLANG_WARN_EMPTY_BODY = YES;
				CLANG_WARN_ENUM_CONVERSION = YES;
				CLANG_WARN_INFINITE_RECURSION = YES;
				CLANG_WARN_INT_CONVERSION = YES;
				CLANG_WARN_NON_LITERAL_NULL_CONVERSION = YES;
				CLANG_WARN_OBJC_LITERAL_CONVERSION = YES;
				CLANG_WARN_OBJC_ROOT_CLASS = YES_ERROR;
				CLANG_WARN_RANGE_LOOP_ANALYSIS = YES;
				CLANG_WARN_STRICT_PROTOTYPES = YES;
				CLANG_WARN_SUSPICIOUS_MOVE = YES;
				CLANG_WARN_UNGUARDED_AVAILABILITY = YES_AGGRESSIVE;
				CLANG_WARN_UNREACHABLE_CODE = YES;
				CLANG_WARN__DUPLICATE_METHOD_MATCH = YES;
				CODE_SIGN_IDENTITY = "iPhone Developer";
				COPY_PHASE_STRIP = NO;
				DEBUG_INFORMATION_FORMAT = dwarf;
				ENABLE_STRICT_OBJC_MSGSEND = YES;
				ENABLE_TESTABILITY = YES;
				GCC_C_LANGUAGE_STANDARD = gnu11;
				GCC_DYNAMIC_NO_PIC = NO;
				GCC_NO_COMMON_BLOCKS = YES;
				GCC_OPTIMIZATION_LEVEL = 0;
				GCC_PREPROCESSOR_DEFINITIONS = (
					"DEBUG=1",
					"$(inherited)",
				);
				GCC_WARN_64_TO_32_BIT_CONVERSION = YES;
				GCC_WARN_ABOUT_RETURN_TYPE = YES_ERROR;
				GCC_WARN_UNDECLARED_SELECTOR = YES;
				GCC_WARN_UNINITIALIZED_AUTOS = YES_AGGRESSIVE;
				GCC_WARN_UNUSED_FUNCTION = YES;
				GCC_WARN_UNUSED_VARIABLE = YES;
				IPHONEOS_DEPLOYMENT_TARGET = 11.2;
				MTL_ENABLE_DEBUG_INFO = YES;
				ONLY_ACTIVE_ARCH = YES;
				SDKROOT = iphoneos;
				SWIFT_ACTIVE_COMPILATION_CONDITIONS = DEBUG;
				SWIFT_OPTIMIZATION_LEVEL = "-Onone";
			};
			name = Debug;
		};
		233CEB661FDADAB5009C9443 /* Release */ = {
			isa = XCBuildConfiguration;
			buildSettings = {
				ALWAYS_SEARCH_USER_PATHS = NO;
				CLANG_ANALYZER_NONNULL = YES;
				CLANG_ANALYZER_NUMBER_OBJECT_CONVERSION = YES_AGGRESSIVE;
				CLANG_CXX_LANGUAGE_STANDARD = "gnu++14";
				CLANG_CXX_LIBRARY = "libc++";
				CLANG_ENABLE_MODULES = YES;
				CLANG_ENABLE_OBJC_ARC = YES;
				CLANG_WARN_BLOCK_CAPTURE_AUTORELEASING = YES;
				CLANG_WARN_BOOL_CONVERSION = YES;
				CLANG_WARN_COMMA = YES;
				CLANG_WARN_CONSTANT_CONVERSION = YES;
				CLANG_WARN_DIRECT_OBJC_ISA_USAGE = YES_ERROR;
				CLANG_WARN_DOCUMENTATION_COMMENTS = YES;
				CLANG_WARN_EMPTY_BODY = YES;
				CLANG_WARN_ENUM_CONVERSION = YES;
				CLANG_WARN_INFINITE_RECURSION = YES;
				CLANG_WARN_INT_CONVERSION = YES;
				CLANG_WARN_NON_LITERAL_NULL_CONVERSION = YES;
				CLANG_WARN_OBJC_LITERAL_CONVERSION = YES;
				CLANG_WARN_OBJC_ROOT_CLASS = YES_ERROR;
				CLANG_WARN_RANGE_LOOP_ANALYSIS = YES;
				CLANG_WARN_STRICT_PROTOTYPES = YES;
				CLANG_WARN_SUSPICIOUS_MOVE = YES;
				CLANG_WARN_UNGUARDED_AVAILABILITY = YES_AGGRESSIVE;
				CLANG_WARN_UNREACHABLE_CODE = YES;
				CLANG_WARN__DUPLICATE_METHOD_MATCH = YES;
				CODE_SIGN_IDENTITY = "iPhone Developer";
				COPY_PHASE_STRIP = NO;
				DEBUG_INFORMATION_FORMAT = "dwarf-with-dsym";
				ENABLE_NS_ASSERTIONS = NO;
				ENABLE_STRICT_OBJC_MSGSEND = YES;
				GCC_C_LANGUAGE_STANDARD = gnu11;
				GCC_NO_COMMON_BLOCKS = YES;
				GCC_WARN_64_TO_32_BIT_CONVERSION = YES;
				GCC_WARN_ABOUT_RETURN_TYPE = YES_ERROR;
				GCC_WARN_UNDECLARED_SELECTOR = YES;
				GCC_WARN_UNINITIALIZED_AUTOS = YES_AGGRESSIVE;
				GCC_WARN_UNUSED_FUNCTION = YES;
				GCC_WARN_UNUSED_VARIABLE = YES;
				IPHONEOS_DEPLOYMENT_TARGET = 11.2;
				MTL_ENABLE_DEBUG_INFO = NO;
				SDKROOT = iphoneos;
				SWIFT_OPTIMIZATION_LEVEL = "-Owholemodule";
				VALIDATE_PRODUCT = YES;
			};
			name = Release;
		};
		233CEB681FDADAB5009C9443 /* Debug */ = {
			isa = XCBuildConfiguration;
			buildSettings = {
				ASSETCATALOG_COMPILER_APPICON_NAME = AppIcon;
				CODE_SIGN_STYLE = Automatic;
				DEVELOPMENT_TEAM = AF67V26AKT;
				INFOPLIST_FILE = EmojiArt/Info.plist;
				LD_RUNPATH_SEARCH_PATHS = "$(inherited) @executable_path/Frameworks";
				PRODUCT_BUNDLE_IDENTIFIER = tw.apla.EmojiArt;
				PRODUCT_NAME = "$(TARGET_NAME)";
				SWIFT_VERSION = 4.0;
				TARGETED_DEVICE_FAMILY = "1,2";
			};
			name = Debug;
		};
		233CEB691FDADAB5009C9443 /* Release */ = {
			isa = XCBuildConfiguration;
			buildSettings = {
				ASSETCATALOG_COMPILER_APPICON_NAME = AppIcon;
				CODE_SIGN_STYLE = Automatic;
				DEVELOPMENT_TEAM = AF67V26AKT;
				INFOPLIST_FILE = EmojiArt/Info.plist;
				LD_RUNPATH_SEARCH_PATHS = "$(inherited) @executable_path/Frameworks";
				PRODUCT_BUNDLE_IDENTIFIER = tw.apla.EmojiArt;
				PRODUCT_NAME = "$(TARGET_NAME)";
				SWIFT_VERSION = 4.0;
				TARGETED_DEVICE_FAMILY = "1,2";
			};
			name = Release;
		};
/* End XCBuildConfiguration section */

/* Begin XCConfigurationList section */
		233CEB501FDADAB5009C9443 /* Build configuration list for PBXProject "EmojiArt" */ = {
			isa = XCConfigurationList;
			buildConfigurations = (
				233CEB651FDADAB5009C9443 /* Debug */,
				233CEB661FDADAB5009C9443 /* Release */,
			);
			defaultConfigurationIsVisible = 0;
			defaultConfigurationName = Release;
		};
		233CEB671FDADAB5009C9443 /* Build configuration list for PBXNativeTarget "EmojiArt" */ = {
			isa = XCConfigurationList;
			buildConfigurations = (
				233CEB681FDADAB5009C9443 /* Debug */,
				233CEB691FDADAB5009C9443 /* Release */,
			);
			defaultConfigurationIsVisible = 0;
			defaultConfigurationName = Release;
		};
/* End XCConfigurationList section */
	};
	rootObject = 233CEB4D1FDADAB5009C9443 /* Project object */;
}
