// !$*UTF8*$!
{
	archiveVersion = 1;
	classes = {
	};
	objectVersion = 48;
	objects = {

/* Begin PBXBuildFile section */
		23C70CDA1FC1BD48009A352B /* AppDelegate.swift in Sources */ = {isa = PBXBuildFile; fileRef = 23C70CD91FC1BD48009A352B /* AppDelegate.swift */; };
		23C70CDC1FC1BD48009A352B /* ViewController.swift in Sources */ = {isa = PBXBuildFile; fileRef = 23C70CDB1FC1BD48009A352B /* ViewController.swift */; };
		23C70CDF1FC1BD48009A352B /* Main.storyboard in Resources */ = {isa = PBXBuildFile; fileRef = 23C70CDD1FC1BD48009A352B /* Main.storyboard */; };
		23C70CE11FC1BD48009A352B /* Assets.xcassets in Resources */ = {isa = PBXBuildFile; fileRef = 23C70CE01FC1BD48009A352B /* Assets.xcassets */; };
		23C70CE41FC1BD48009A352B /* LaunchScreen.storyboard in Resources */ = {isa = PBXBuildFile; fileRef = 23C70CE21FC1BD48009A352B /* LaunchScreen.storyboard */; };
		23C70CED1FC1BD80009A352B /* PlayingCard.swift in Sources */ = {isa = PBXBuildFile; fileRef = 23C70CEC1FC1BD80009A352B /* PlayingCard.swift */; };
		23C70CEF1FC1C22F009A352B /* PlayingCardDeck.swift in Sources */ = {isa = PBXBuildFile; fileRef = 23C70CEE1FC1C22F009A352B /* PlayingCardDeck.swift */; };
		23C70CF11FC1D7F5009A352B /* PlayingCardView.swift in Sources */ = {isa = PBXBuildFile; fileRef = 23C70CF01FC1D7F5009A352B /* PlayingCardView.swift */; };
/* End PBXBuildFile section */

/* Begin PBXFileReference section */
		23C70CD61FC1BD48009A352B /* PlayingCard.app */ = {isa = PBXFileReference; explicitFileType = wrapper.application; includeInIndex = 0; path = PlayingCard.app; sourceTree = BUILT_PRODUCTS_DIR; };
		23C70CD91FC1BD48009A352B /* AppDelegate.swift */ = {isa = PBXFileReference; lastKnownFileType = sourcecode.swift; path = AppDelegate.swift; sourceTree = "<group>"; };
		23C70CDB1FC1BD48009A352B /* ViewController.swift */ = {isa = PBXFileReference; lastKnownFileType = sourcecode.swift; path = ViewController.swift; sourceTree = "<group>"; };
		23C70CDE1FC1BD48009A352B /* Base */ = {isa = PBXFileReference; lastKnownFileType = file.storyboard; name = Base; path = Base.lproj/Main.storyboard; sourceTree = "<group>"; };
		23C70CE01FC1BD48009A352B /* Assets.xcassets */ = {isa = PBXFileReference; lastKnownFileType = folder.assetcatalog; path = Assets.xcassets; sourceTree = "<group>"; };
		23C70CE31FC1BD48009A352B /* Base */ = {isa = PBXFileReference; lastKnownFileType = file.storyboard; name = Base; path = Base.lproj/LaunchScreen.storyboard; sourceTree = "<group>"; };
		23C70CE51FC1BD48009A352B /* Info.plist */ = {isa = PBXFileReference; lastKnownFileType = text.plist.xml; path = Info.plist; sourceTree = "<group>"; };
		23C70CEC1FC1BD80009A352B /* PlayingCard.swift */ = {isa = PBXFileReference; lastKnownFileType = sourcecode.swift; path = PlayingCard.swift; sourceTree = "<group>"; };
		23C70CEE1FC1C22F009A352B /* PlayingCardDeck.swift */ = {isa = PBXFileReference; lastKnownFileType = sourcecode.swift; path = PlayingCardDeck.swift; sourceTree = "<group>"; };
		23C70CF01FC1D7F5009A352B /* PlayingCardView.swift */ = {isa = PBXFileReference; lastKnownFileType = sourcecode.swift; path = PlayingCardView.swift; sourceTree = "<group>"; };
/* End PBXFileReference section */

/* Begin PBXFrameworksBuildPhase section */
		23C70CD31FC1BD48009A352B /* Frameworks */ = {
			isa = PBXFrameworksBuildPhase;
			buildActionMask = 2147483647;
			files = (
			);
			runOnlyForDeploymentPostprocessing = 0;
		};
/* End PBXFrameworksBuildPhase section */

/* Begin PBXGroup section */
		23C70CCD1FC1BD48009A352B = {
			isa = PBXGroup;
			children = (
				23C70CD81FC1BD48009A352B /* PlayingCard */,
				23C70CD71FC1BD48009A352B /* Products */,
			);
			sourceTree = "<group>";
		};
		23C70CD71FC1BD48009A352B /* Products */ = {
			isa = PBXGroup;
			children = (
				23C70CD61FC1BD48009A352B /* PlayingCard.app */,
			);
			name = Products;
			sourceTree = "<group>";
		};
		23C70CD81FC1BD48009A352B /* PlayingCard */ = {
			isa = PBXGroup;
			children = (
				23C70CDB1FC1BD48009A352B /* ViewController.swift */,
				23C70CF01FC1D7F5009A352B /* PlayingCardView.swift */,
				23C70CDD1FC1BD48009A352B /* Main.storyboard */,
				23C70CEC1FC1BD80009A352B /* PlayingCard.swift */,
				23C70CEE1FC1C22F009A352B /* PlayingCardDeck.swift */,
				23C70CE01FC1BD48009A352B /* Assets.xcassets */,
				23C70CEB1FC1BD62009A352B /* Supporting Files */,
				23C70CE51FC1BD48009A352B /* Info.plist */,
			);
			path = PlayingCard;
			sourceTree = "<group>";
		};
		23C70CEB1FC1BD62009A352B /* Supporting Files */ = {
			isa = PBXGroup;
			children = (
				23C70CD91FC1BD48009A352B /* AppDelegate.swift */,
				23C70CE21FC1BD48009A352B /* LaunchScreen.storyboard */,
			);
			path = "Supporting Files";
			sourceTree = "<group>";
		};
/* End PBXGroup section */

/* Begin PBXNativeTarget section */
		23C70CD51FC1BD48009A352B /* PlayingCard */ = {
			isa = PBXNativeTarget;
			buildConfigurationList = 23C70CE81FC1BD48009A352B /* Build configuration list for PBXNativeTarget "PlayingCard" */;
			buildPhases = (
				23C70CD21FC1BD48009A352B /* Sources */,
				23C70CD31FC1BD48009A352B /* Frameworks */,
				23C70CD41FC1BD48009A352B /* Resources */,
			);
			buildRules = (
			);
			dependencies = (
			);
			name = PlayingCard;
			productName = PlayingCard;
			productReference = 23C70CD61FC1BD48009A352B /* PlayingCard.app */;
			productType = "com.apple.product-type.application";
		};
/* End PBXNativeTarget section */

/* Begin PBXProject section */
		23C70CCE1FC1BD48009A352B /* Project object */ = {
			isa = PBXProject;
			attributes = {
				LastSwiftUpdateCheck = 0910;
				LastUpgradeCheck = 0910;
				ORGANIZATIONNAME = Pala;
				TargetAttributes = {
					23C70CD51FC1BD48009A352B = {
						CreatedOnToolsVersion = 9.1;
						ProvisioningStyle = Automatic;
					};
				};
			};
			buildConfigurationList = 23C70CD11FC1BD48009A352B /* Build configuration list for PBXProject "PlayingCard" */;
			compatibilityVersion = "Xcode 8.0";
			developmentRegion = en;
			hasScannedForEncodings = 0;
			knownRegions = (
				en,
				Base,
			);
			mainGroup = 23C70CCD1FC1BD48009A352B;
			productRefGroup = 23C70CD71FC1BD48009A352B /* Products */;
			projectDirPath = "";
			projectRoot = "";
			targets = (
				23C70CD51FC1BD48009A352B /* PlayingCard */,
			);
		};
/* End PBXProject section */

/* Begin PBXResourcesBuildPhase section */
		23C70CD41FC1BD48009A352B /* Resources */ = {
			isa = PBXResourcesBuildPhase;
			buildActionMask = 2147483647;
			files = (
				23C70CE41FC1BD48009A352B /* LaunchScreen.storyboard in Resources */,
				23C70CE11FC1BD48009A352B /* Assets.xcassets in Resources */,
				23C70CDF1FC1BD48009A352B /* Main.storyboard in Resources */,
			);
			runOnlyForDeploymentPostprocessing = 0;
		};
/* End PBXResourcesBuildPhase section */

/* Begin PBXSourcesBuildPhase section */
		23C70CD21FC1BD48009A352B /* Sources */ = {
			isa = PBXSourcesBuildPhase;
			buildActionMask = 2147483647;
			files = (
				23C70CDC1FC1BD48009A352B /* ViewController.swift in Sources */,
				23C70CEF1FC1C22F009A352B /* PlayingCardDeck.swift in Sources */,
				23C70CED1FC1BD80009A352B /* PlayingCard.swift in Sources */,
				23C70CF11FC1D7F5009A352B /* PlayingCardView.swift in Sources */,
				23C70CDA1FC1BD48009A352B /* AppDelegate.swift in Sources */,
			);
			runOnlyForDeploymentPostprocessing = 0;
		};
/* End PBXSourcesBuildPhase section */

/* Begin PBXVariantGroup section */
		23C70CDD1FC1BD48009A352B /* Main.storyboard */ = {
			isa = PBXVariantGroup;
			children = (
				23C70CDE1FC1BD48009A352B /* Base */,
			);
			name = Main.storyboard;
			sourceTree = "<group>";
		};
		23C70CE21FC1BD48009A352B /* LaunchScreen.storyboard */ = {
			isa = PBXVariantGroup;
			children = (
				23C70CE31FC1BD48009A352B /* Base */,
			);
			name = LaunchScreen.storyboard;
			sourceTree = "<group>";
		};
/* End PBXVariantGroup section */

/* Begin XCBuildConfiguration section */
		23C70CE61FC1BD48009A352B /* Debug */ = {
			isa = XCBuildConfiguration;
			buildSettings = {
				ALWAYS_SEARCH_USER_PATHS = NO;
				CLANG_ANALYZER_NONNULL = YES;
				CLANG_ANALYZER_NUMBER_OBJECT_CONVERSION = YES_AGGRESSIVE;
				CLANG_CXX_LANGUAGE_STANDARD = "gnu++14";
				CLANG_CXX_LIBRARY = "libc++";
				CLANG_ENABLE_MODULES = YES;
				CLANG_ENABLE_OBJC_ARC = YES;
				CLANG_WARN_BLOCK_CAPTURE_AUTORELEASING = YES;
				CLANG_WARN_BOOL_CONVERSION = YES;
				CLANG_WARN_COMMA = YES;
				CLANG_WARN_CONSTANT_CONVERSION = YES;
				CLANG_WARN_DIRECT_OBJC_ISA_USAGE = YES_ERROR;
				CLANG_WARN_DOCUMENTATION_COMMENTS = YES;
				CLANG_WARN_EMPTY_BODY = YES;
				CLANG_WARN_ENUM_CONVERSION = YES;
				CLANG_WARN_INFINITE_RECURSION = YES;
				CLANG_WARN_INT_CONVERSION = YES;
				CLANG_WARN_NON_LITERAL_NULL_CONVERSION = YES;
				CLANG_WARN_OBJC_LITERAL_CONVERSION = YES;
				CLANG_WARN_OBJC_ROOT_CLASS = YES_ERROR;
				CLANG_WARN_RANGE_LOOP_ANALYSIS = YES;
				CLANG_WARN_STRICT_PROTOTYPES = YES;
				CLANG_WARN_SUSPICIOUS_MOVE = YES;
				CLANG_WARN_UNGUARDED_AVAILABILITY = YES_AGGRESSIVE;
				CLANG_WARN_UNREACHABLE_CODE = YES;
				CLANG_WARN__DUPLICATE_METHOD_MATCH = YES;
				CODE_SIGN_IDENTITY = "iPhone Developer";
				COPY_PHASE_STRIP = NO;
				DEBUG_INFORMATION_FORMAT = dwarf;
				ENABLE_STRICT_OBJC_MSGSEND = YES;
				ENABLE_TESTABILITY = YES;
				GCC_C_LANGUAGE_STANDARD = gnu11;
				GCC_DYNAMIC_NO_PIC = NO;
				GCC_NO_COMMON_BLOCKS = YES;
				GCC_OPTIMIZATION_LEVEL = 0;
				GCC_PREPROCESSOR_DEFINITIONS = (
					"DEBUG=1",
					"$(inherited)",
				);
				GCC_WARN_64_TO_32_BIT_CONVERSION = YES;
				GCC_WARN_ABOUT_RETURN_TYPE = YES_ERROR;
				GCC_WARN_UNDECLARED_SELECTOR = YES;
				GCC_WARN_UNINITIALIZED_AUTOS = YES_AGGRESSIVE;
				GCC_WARN_UNUSED_FUNCTION = YES;
				GCC_WARN_UNUSED_VARIABLE = YES;
				IPHONEOS_DEPLOYMENT_TARGET = 11.1;
				MTL_ENABLE_DEBUG_INFO = YES;
				ONLY_ACTIVE_ARCH = YES;
				SDKROOT = iphoneos;
				SWIFT_ACTIVE_COMPILATION_CONDITIONS = DEBUG;
				SWIFT_OPTIMIZATION_LEVEL = "-Onone";
			};
			name = Debug;
		};
		23C70CE71FC1BD48009A352B /* Release */ = {
			isa = XCBuildConfiguration;
			buildSettings = {
				ALWAYS_SEARCH_USER_PATHS = NO;
				CLANG_ANALYZER_NONNULL = YES;
				CLANG_ANALYZER_NUMBER_OBJECT_CONVERSION = YES_AGGRESSIVE;
				CLANG_CXX_LANGUAGE_STANDARD = "gnu++14";
				CLANG_CXX_LIBRARY = "libc++";
				CLANG_ENABLE_MODULES = YES;
				CLANG_ENABLE_OBJC_ARC = YES;
				CLANG_WARN_BLOCK_CAPTURE_AUTORELEASING = YES;
				CLANG_WARN_BOOL_CONVERSION = YES;
				CLANG_WARN_COMMA = YES;
				CLANG_WARN_CONSTANT_CONVERSION = YES;
				CLANG_WARN_DIRECT_OBJC_ISA_USAGE = YES_ERROR;
				CLANG_WARN_DOCUMENTATION_COMMENTS = YES;
				CLANG_WARN_EMPTY_BODY = YES;
				CLANG_WARN_ENUM_CONVERSION = YES;
				CLANG_WARN_INFINITE_RECURSION = YES;
				CLANG_WARN_INT_CONVERSION = YES;
				CLANG_WARN_NON_LITERAL_NULL_CONVERSION = YES;
				CLANG_WARN_OBJC_LITERAL_CONVERSION = YES;
				CLANG_WARN_OBJC_ROOT_CLASS = YES_ERROR;
				CLANG_WARN_RANGE_LOOP_ANALYSIS = YES;
				CLANG_WARN_STRICT_PROTOTYPES = YES;
				CLANG_WARN_SUSPICIOUS_MOVE = YES;
				CLANG_WARN_UNGUARDED_AVAILABILITY = YES_AGGRESSIVE;
				CLANG_WARN_UNREACHABLE_CODE = YES;
				CLANG_WARN__DUPLICATE_METHOD_MATCH = YES;
				CODE_SIGN_IDENTITY = "iPhone Developer";
				COPY_PHASE_STRIP = NO;
				DEBUG_INFORMATION_FORMAT = "dwarf-with-dsym";
				ENABLE_NS_ASSERTIONS = NO;
				ENABLE_STRICT_OBJC_MSGSEND = YES;
				GCC_C_LANGUAGE_STANDARD = gnu11;
				GCC_NO_COMMON_BLOCKS = YES;
				GCC_WARN_64_TO_32_BIT_CONVERSION = YES;
				GCC_WARN_ABOUT_RETURN_TYPE = YES_ERROR;
				GCC_WARN_UNDECLARED_SELECTOR = YES;
				GCC_WARN_UNINITIALIZED_AUTOS = YES_AGGRESSIVE;
				GCC_WARN_UNUSED_FUNCTION = YES;
				GCC_WARN_UNUSED_VARIABLE = YES;
				IPHONEOS_DEPLOYMENT_TARGET = 11.1;
				MTL_ENABLE_DEBUG_INFO = NO;
				SDKROOT = iphoneos;
				SWIFT_OPTIMIZATION_LEVEL = "-Owholemodule";
				VALIDATE_PRODUCT = YES;
			};
			name = Release;
		};
		23C70CE91FC1BD48009A352B /* Debug */ = {
			isa = XCBuildConfiguration;
			buildSettings = {
				ASSETCATALOG_COMPILER_APPICON_NAME = AppIcon;
				CODE_SIGN_STYLE = Automatic;
				DEVELOPMENT_TEAM = AF67V26AKT;
				INFOPLIST_FILE = PlayingCard/Info.plist;
				LD_RUNPATH_SEARCH_PATHS = "$(inherited) @executable_path/Frameworks";
				PRODUCT_BUNDLE_IDENTIFIER = tw.pala.PlayingCard;
				PRODUCT_NAME = "$(TARGET_NAME)";
				SWIFT_VERSION = 4.0;
				TARGETED_DEVICE_FAMILY = "1,2";
			};
			name = Debug;
		};
		23C70CEA1FC1BD48009A352B /* Release */ = {
			isa = XCBuildConfiguration;
			buildSettings = {
				ASSETCATALOG_COMPILER_APPICON_NAME = AppIcon;
				CODE_SIGN_STYLE = Automatic;
				DEVELOPMENT_TEAM = AF67V26AKT;
				INFOPLIST_FILE = PlayingCard/Info.plist;
				LD_RUNPATH_SEARCH_PATHS = "$(inherited) @executable_path/Frameworks";
				PRODUCT_BUNDLE_IDENTIFIER = tw.pala.PlayingCard;
				PRODUCT_NAME = "$(TARGET_NAME)";
				SWIFT_VERSION = 4.0;
				TARGETED_DEVICE_FAMILY = "1,2";
			};
			name = Release;
		};
/* End XCBuildConfiguration section */

/* Begin XCConfigurationList section */
		23C70CD11FC1BD48009A352B /* Build configuration list for PBXProject "PlayingCard" */ = {
			isa = XCConfigurationList;
			buildConfigurations = (
				23C70CE61FC1BD48009A352B /* Debug */,
				23C70CE71FC1BD48009A352B /* Release */,
			);
			defaultConfigurationIsVisible = 0;
			defaultConfigurationName = Release;
		};
		23C70CE81FC1BD48009A352B /* Build configuration list for PBXNativeTarget "PlayingCard" */ = {
			isa = XCConfigurationList;
			buildConfigurations = (
				23C70CE91FC1BD48009A352B /* Debug */,
				23C70CEA1FC1BD48009A352B /* Release */,
			);
			defaultConfigurationIsVisible = 0;
			defaultConfigurationName = Release;
		};
/* End XCConfigurationList section */
	};
	rootObject = 23C70CCE1FC1BD48009A352B /* Project object */;
}
